
Microsoft Visual Studio Solution File, Format Version 12.00
# Visual Studio Version 16
VisualStudioVersion = 16.0.30804.86
MinimumVisualStudioVersion = 10.0.40219.1
Project("{FAE04EC0-301F-11D3-BF4B-00C04F79EFBC}") = "SolidPrinciples", "SolidPrinciples.csproj", "{028C1508-20F5-4C05-BB05-16B42DDB6E54}"
EndProject
Global
	GlobalSection(SolutionConfigurationPlatforms) = preSolution
		Debug|Any CPU = Debug|Any CPU
		Release|Any CPU = Release|Any CPU
	EndGlobalSection
	GlobalSection(ProjectConfigurationPlatforms) = postSolution
		{028C1508-20F5-4C05-BB05-16B42DDB6E54}.Debug|Any CPU.ActiveCfg = Debug|Any CPU
		{028C1508-20F5-4C05-BB05-16B42DDB6E54}.Debug|Any CPU.Build.0 = Debug|Any CPU
		{028C1508-20F5-4C05-BB05-16B42DDB6E54}.Release|Any CPU.ActiveCfg = Release|Any CPU
		{028C1508-20F5-4C05-BB05-16B42DDB6E54}.Release|Any CPU.Build.0 = Release|Any CPU
	EndGlobalSection
	GlobalSection(SolutionProperties) = preSolution
		HideSolutionNode = FALSE
	EndGlobalSection
	GlobalSection(ExtensibilityGlobals) = postSolution
		SolutionGuid = {A6D4DEF1-EF7E-4055-BF3B-A7E2F39390E8}
	EndGlobalSection
EndGlobal
