
Microsoft Visual Studio Solution File, Format Version 12.00
# Visual Studio Version 16
VisualStudioVersion = 16.0.31129.286
MinimumVisualStudioVersion = 10.0.40219.1
Project("{FAE04EC0-301F-11D3-BF4B-00C04F79EFBC}") = "Linq", "Linq.csproj", "{56F74BDF-329F-41F5-BA40-04B30414F6C1}"
EndProject
Global
	GlobalSection(SolutionConfigurationPlatforms) = preSolution
		Debug|Any CPU = Debug|Any CPU
		Release|Any CPU = Release|Any CPU
	EndGlobalSection
	GlobalSection(ProjectConfigurationPlatforms) = postSolution
		{56F74BDF-329F-41F5-BA40-04B30414F6C1}.Debug|Any CPU.ActiveCfg = Debug|Any CPU
		{56F74BDF-329F-41F5-BA40-04B30414F6C1}.Debug|Any CPU.Build.0 = Debug|Any CPU
		{56F74BDF-329F-41F5-BA40-04B30414F6C1}.Release|Any CPU.ActiveCfg = Release|Any CPU
		{56F74BDF-329F-41F5-BA40-04B30414F6C1}.Release|Any CPU.Build.0 = Release|Any CPU
	EndGlobalSection
	GlobalSection(SolutionProperties) = preSolution
		HideSolutionNode = FALSE
	EndGlobalSection
	GlobalSection(ExtensibilityGlobals) = postSolution
		SolutionGuid = {D401F46F-E123-4B20-AA5F-2BCE92EA2A94}
	EndGlobalSection
EndGlobal
